
Microsoft Visual Studio Solution File, Format Version 12.00
# Visual Studio 15
VisualStudioVersion = 15.0.27703.2035
MinimumVisualStudioVersion = 10.0.40219.1
Project("{9A19103F-16F7-4668-BE54-9A1E7A4F7556}") = "StringCalculatorTests", "StringCalculatorTests\StringCalculatorTests.csproj", "{D29B2F4D-51CD-4386-8C0C-DD2B7C33DEFB}"
EndProject
Project("{9A19103F-16F7-4668-BE54-9A1E7A4F7556}") = "StringCalculator", "StringCalculator\StringCalculator.csproj", "{76A3E7A6-B8E1-4E9F-BC03-8D555707E8CA}"
EndProject
Project("{9A19103F-16F7-4668-BE54-9A1E7A4F7556}") = "StringCalculatorBenchmarks", "StringCalculatorBenchmarks\StringCalculatorBenchmarks.csproj", "{903E711E-319A-4D81-9F10-3B0548B1B46A}"
EndProject
Project("{9A19103F-16F7-4668-BE54-9A1E7A4F7556}") = "HumanReadableBytesSizeTest", "HumanReadableBytesSizeTest\HumanReadableBytesSizeTest.csproj", "{2791AF5F-61B9-49B5-9976-F6C44AD11153}"
EndProject
Project("{9A19103F-16F7-4668-BE54-9A1E7A4F7556}") = "HumanReadableBytesSize", "HumanReadableBytesSize\HumanReadableBytesSize.csproj", "{DCC487DB-01AF-43B9-8061-340BD018AF21}"
EndProject
Project("{FAE04EC0-301F-11D3-BF4B-00C04F79EFBC}") = "SpanExtensions", "SpanExtensions\SpanExtensions.csproj", "{8A4A63E5-1F9D-4585-B350-9CF821B59212}"
EndProject
Project("{FAE04EC0-301F-11D3-BF4B-00C04F79EFBC}") = "SpanExtensionsTests", "SpanExtensionsTests\SpanExtensionsTests.csproj", "{C386C94A-1E3E-43F8-BF16-FF1D31ADD881}"
EndProject
Global
	GlobalSection(SolutionConfigurationPlatforms) = preSolution
		Debug|Any CPU = Debug|Any CPU
		Release|Any CPU = Release|Any CPU
	EndGlobalSection
	GlobalSection(ProjectConfigurationPlatforms) = postSolution
		{D29B2F4D-51CD-4386-8C0C-DD2B7C33DEFB}.Debug|Any CPU.ActiveCfg = Debug|Any CPU
		{D29B2F4D-51CD-4386-8C0C-DD2B7C33DEFB}.Debug|Any CPU.Build.0 = Debug|Any CPU
		{D29B2F4D-51CD-4386-8C0C-DD2B7C33DEFB}.Release|Any CPU.ActiveCfg = Release|Any CPU
		{D29B2F4D-51CD-4386-8C0C-DD2B7C33DEFB}.Release|Any CPU.Build.0 = Release|Any CPU
		{76A3E7A6-B8E1-4E9F-BC03-8D555707E8CA}.Debug|Any CPU.ActiveCfg = Debug|Any CPU
		{76A3E7A6-B8E1-4E9F-BC03-8D555707E8CA}.Debug|Any CPU.Build.0 = Debug|Any CPU
		{76A3E7A6-B8E1-4E9F-BC03-8D555707E8CA}.Release|Any CPU.ActiveCfg = Release|Any CPU
		{76A3E7A6-B8E1-4E9F-BC03-8D555707E8CA}.Release|Any CPU.Build.0 = Release|Any CPU
		{903E711E-319A-4D81-9F10-3B0548B1B46A}.Debug|Any CPU.ActiveCfg = Debug|Any CPU
		{903E711E-319A-4D81-9F10-3B0548B1B46A}.Debug|Any CPU.Build.0 = Debug|Any CPU
		{903E711E-319A-4D81-9F10-3B0548B1B46A}.Release|Any CPU.ActiveCfg = Release|Any CPU
		{903E711E-319A-4D81-9F10-3B0548B1B46A}.Release|Any CPU.Build.0 = Release|Any CPU
		{2791AF5F-61B9-49B5-9976-F6C44AD11153}.Debug|Any CPU.ActiveCfg = Debug|Any CPU
		{2791AF5F-61B9-49B5-9976-F6C44AD11153}.Debug|Any CPU.Build.0 = Debug|Any CPU
		{2791AF5F-61B9-49B5-9976-F6C44AD11153}.Release|Any CPU.ActiveCfg = Release|Any CPU
		{2791AF5F-61B9-49B5-9976-F6C44AD11153}.Release|Any CPU.Build.0 = Release|Any CPU
		{DCC487DB-01AF-43B9-8061-340BD018AF21}.Debug|Any CPU.ActiveCfg = Debug|Any CPU
		{DCC487DB-01AF-43B9-8061-340BD018AF21}.Debug|Any CPU.Build.0 = Debug|Any CPU
		{DCC487DB-01AF-43B9-8061-340BD018AF21}.Release|Any CPU.ActiveCfg = Release|Any CPU
		{DCC487DB-01AF-43B9-8061-340BD018AF21}.Release|Any CPU.Build.0 = Release|Any CPU
		{8A4A63E5-1F9D-4585-B350-9CF821B59212}.Debug|Any CPU.ActiveCfg = Debug|Any CPU
		{8A4A63E5-1F9D-4585-B350-9CF821B59212}.Debug|Any CPU.Build.0 = Debug|Any CPU
		{8A4A63E5-1F9D-4585-B350-9CF821B59212}.Release|Any CPU.ActiveCfg = Release|Any CPU
		{8A4A63E5-1F9D-4585-B350-9CF821B59212}.Release|Any CPU.Build.0 = Release|Any CPU
		{C386C94A-1E3E-43F8-BF16-FF1D31ADD881}.Debug|Any CPU.ActiveCfg = Debug|Any CPU
		{C386C94A-1E3E-43F8-BF16-FF1D31ADD881}.Debug|Any CPU.Build.0 = Debug|Any CPU
		{C386C94A-1E3E-43F8-BF16-FF1D31ADD881}.Release|Any CPU.ActiveCfg = Release|Any CPU
		{C386C94A-1E3E-43F8-BF16-FF1D31ADD881}.Release|Any CPU.Build.0 = Release|Any CPU
	EndGlobalSection
	GlobalSection(SolutionProperties) = preSolution
		HideSolutionNode = FALSE
	EndGlobalSection
	GlobalSection(ExtensibilityGlobals) = postSolution
		SolutionGuid = {FEE62E01-3FC7-44F5-B139-42A39DEF25C4}
	EndGlobalSection
EndGlobal
